{
  "name": "tmux-remote-control",
  "version": "0.1.0",
  "lockfileVersion": 3,
  "requires": true,
  "packages": {
    "": {
      "name": "tmux-remote-control",
      "version": "0.1.0",
      "license": "MIT",
      "bin": {
        "tmux-remote-control": "bin/tmux-remote-control"
      },
      "peerDependencies": {
        "@earendil-works/pi-coding-agent": "*",
        "@earendil-works/pi-tui": "*"
      },
      "peerDependenciesMeta": {
        "@earendil-works/pi-coding-agent": {
          "optional": true
        },
        "@earendil-works/pi-tui": {
          "optional": true
        }
      }
    }
  }
}
